
Microsoft Visual Studio Solution File, Format Version 12.00
Project("{FAE04EC0-301F-11D3-BF4B-00C04F79EFBC}") = "Web", "Web\Web.csproj", "{39AF289F-9FF8-4920-87FF-262937761D27}"
EndProject
Project("{FAE04EC0-301F-11D3-BF4B-00C04F79EFBC}") = "Database", "Database\Database.csproj", "{A3D27CFB-923C-4D3A-BA61-EF4FD6CBDB51}"
EndProject
Project("{FAE04EC0-301F-11D3-BF4B-00C04F79EFBC}") = "Infrastructure", "Infrastructure\Infrastructure.csproj", "{08B8C858-BF6A-4031-8C3D-76637FF9872A}"
EndProject
Project("{FAE04EC0-301F-11D3-BF4B-00C04F79EFBC}") = "Infrastructure.Tests", "Infrastructure.Tests\Infrastructure.Tests.csproj", "{BF0A4016-5D7E-4A3C-A195-4520002DC422}"
EndProject
Global
	GlobalSection(SolutionConfigurationPlatforms) = preSolution
		Debug|Any CPU = Debug|Any CPU
		Release|Any CPU = Release|Any CPU
	EndGlobalSection
	GlobalSection(ProjectConfigurationPlatforms) = postSolution
		{39AF289F-9FF8-4920-87FF-262937761D27}.Debug|Any CPU.ActiveCfg = Debug|Any CPU
		{39AF289F-9FF8-4920-87FF-262937761D27}.Debug|Any CPU.Build.0 = Debug|Any CPU
		{39AF289F-9FF8-4920-87FF-262937761D27}.Release|Any CPU.ActiveCfg = Release|Any CPU
		{39AF289F-9FF8-4920-87FF-262937761D27}.Release|Any CPU.Build.0 = Release|Any CPU
		{A3D27CFB-923C-4D3A-BA61-EF4FD6CBDB51}.Debug|Any CPU.ActiveCfg = Debug|Any CPU
		{A3D27CFB-923C-4D3A-BA61-EF4FD6CBDB51}.Debug|Any CPU.Build.0 = Debug|Any CPU
		{A3D27CFB-923C-4D3A-BA61-EF4FD6CBDB51}.Release|Any CPU.ActiveCfg = Release|Any CPU
		{A3D27CFB-923C-4D3A-BA61-EF4FD6CBDB51}.Release|Any CPU.Build.0 = Release|Any CPU
		{08B8C858-BF6A-4031-8C3D-76637FF9872A}.Debug|Any CPU.ActiveCfg = Debug|Any CPU
		{08B8C858-BF6A-4031-8C3D-76637FF9872A}.Debug|Any CPU.Build.0 = Debug|Any CPU
		{08B8C858-BF6A-4031-8C3D-76637FF9872A}.Release|Any CPU.ActiveCfg = Release|Any CPU
		{08B8C858-BF6A-4031-8C3D-76637FF9872A}.Release|Any CPU.Build.0 = Release|Any CPU
		{BF0A4016-5D7E-4A3C-A195-4520002DC422}.Debug|Any CPU.ActiveCfg = Debug|Any CPU
		{BF0A4016-5D7E-4A3C-A195-4520002DC422}.Debug|Any CPU.Build.0 = Debug|Any CPU
		{BF0A4016-5D7E-4A3C-A195-4520002DC422}.Release|Any CPU.ActiveCfg = Release|Any CPU
		{BF0A4016-5D7E-4A3C-A195-4520002DC422}.Release|Any CPU.Build.0 = Release|Any CPU
	EndGlobalSection
EndGlobal
